
Microsoft Visual Studio Solution File, Format Version 12.00
# Visual Studio Version 17
VisualStudioVersion = 17.2.32630.192
MinimumVisualStudioVersion = 10.0.40219.1
Project("{FAE04EC0-301F-11D3-BF4B-00C04F79EFBC}") = "Würfeltransposition", "Würfeltransposition\Würfeltransposition.csproj", "{FC4AEE84-E48D-4B8D-BBF1-4DD28FDF6D36}"
EndProject
Global
	GlobalSection(SolutionConfigurationPlatforms) = preSolution
		Debug|Any CPU = Debug|Any CPU
		Release|Any CPU = Release|Any CPU
	EndGlobalSection
	GlobalSection(ProjectConfigurationPlatforms) = postSolution
		{FC4AEE84-E48D-4B8D-BBF1-4DD28FDF6D36}.Debug|Any CPU.ActiveCfg = Debug|Any CPU
		{FC4AEE84-E48D-4B8D-BBF1-4DD28FDF6D36}.Debug|Any CPU.Build.0 = Debug|Any CPU
		{FC4AEE84-E48D-4B8D-BBF1-4DD28FDF6D36}.Release|Any CPU.ActiveCfg = Release|Any CPU
		{FC4AEE84-E48D-4B8D-BBF1-4DD28FDF6D36}.Release|Any CPU.Build.0 = Release|Any CPU
	EndGlobalSection
	GlobalSection(SolutionProperties) = preSolution
		HideSolutionNode = FALSE
	EndGlobalSection
	GlobalSection(ExtensibilityGlobals) = postSolution
		SolutionGuid = {60AE11DC-FA20-4178-B1C9-197CAF9A3C45}
	EndGlobalSection
EndGlobal
